// !$*UTF8*$!
{
	archiveVersion = 1;
	classes = {
	};
	objectVersion = 46;
	objects = {

/* Begin PBXBuildFile section */
		30292A2F2315774500917554 /* ShaderLoader.c in Sources */ = {isa = PBXBuildFile; fileRef = 426AD54D1CAD3E070023AC7E /* ShaderLoader.c */; };
		30292A322315774500917554 /* YDGLOperationColorConversion.m in Sources */ = {isa = PBXBuildFile; fileRef = 426AD5501CAD3E070023AC7E /* YDGLOperationColorConversion.m */; };
		30292A342315774500917554 /* YDGLOperationLogger.m in Sources */ = {isa = PBXBuildFile; fileRef = 429BEAD21D56FAC5002194A5 /* YDGLOperationLogger.m */; };
		30292A362315774500917554 /* YDGLUtil.m in Sources */ = {isa = PBXBuildFile; fileRef = 42AD39DF1D8262AA002B6246 /* YDGLUtil.m */; };
		30292A382315774500917554 /* YDGLOperationThreeInputNode.m in Sources */ = {isa = PBXBuildFile; fileRef = 423E043C1C998A1600972691 /* YDGLOperationThreeInputNode.m */; };
		30292A3A2315774500917554 /* YDGLOperationTwoInputNode.m in Sources */ = {isa = PBXBuildFile; fileRef = 423E043E1C998A1600972691 /* YDGLOperationTwoInputNode.m */; };
		30292A3C2315774500917554 /* YDGLOperationNodeLayer.m in Sources */ = {isa = PBXBuildFile; fileRef = 429A97241CBD21AE00259908 /* YDGLOperationNodeLayer.m */; };
		30292A3E2315774500917554 /* YDGLOperationNV12SourceNode.m in Sources */ = {isa = PBXBuildFile; fileRef = 42DF41FC1CB39B090099A6B2 /* YDGLOperationNV12SourceNode.m */; };
		30292A402315774500917554 /* YDGLOperationI420SourceNode.m in Sources */ = {isa = PBXBuildFile; fileRef = 426AD5641CAE68AE0023AC7E /* YDGLOperationI420SourceNode.m */; };
		30292A422315774500917554 /* YDGLOperationUIImageSourceNode.m in Sources */ = {isa = PBXBuildFile; fileRef = 424EFFA11CB7912500396D2B /* YDGLOperationUIImageSourceNode.m */; };
		30292A442315774500917554 /* YDGLOperationCVPixelBufferSourceNode.m in Sources */ = {isa = PBXBuildFile; fileRef = 424EFFA51CB7933200396D2B /* YDGLOperationCVPixelBufferSourceNode.m */; };
		30292A462315774500917554 /* YDGLOperationCGContextSourceNode.m in Sources */ = {isa = PBXBuildFile; fileRef = 30C70AFF1CC245B4004A08F5 /* YDGLOperationCGContextSourceNode.m */; };
		30292A472315774500917554 /* YDGLOperationNodeDisplayView.m in Sources */ = {isa = PBXBuildFile; fileRef = 424D94AE1C9BF183006DA52D /* YDGLOperationNodeDisplayView.m */; };
		30292A492315774500917554 /* YDGLOperationSourceNode.m in Sources */ = {isa = PBXBuildFile; fileRef = 42BBE2291C99630E0035BC01 /* YDGLOperationSourceNode.m */; };
		30292A4C2315774500917554 /* YDDrawModel.m in Sources */ = {isa = PBXBuildFile; fileRef = 42BBE22C1C99630E0035BC01 /* YDDrawModel.m */; };
		30292A4E2315774500917554 /* YDGLOperationNode.m in Sources */ = {isa = PBXBuildFile; fileRef = 42BBE22E1C99630E0035BC01 /* YDGLOperationNode.m */; };
		30292A512315774500917554 /* YDGLOperationContext.m in Sources */ = {isa = PBXBuildFile; fileRef = 429A97361CBF693C00259908 /* YDGLOperationContext.m */; };
		30292A522315777C00917554 /* ShaderLoader.h in Headers */ = {isa = PBXBuildFile; fileRef = 426AD54E1CAD3E070023AC7E /* ShaderLoader.h */; settings = {ATTRIBUTES = (Public, ); }; };
		30292A532315778200917554 /* YDGLOperationColorConversion.h in Headers */ = {isa = PBXBuildFile; fileRef = 426AD54F1CAD3E070023AC7E /* YDGLOperationColorConversion.h */; settings = {ATTRIBUTES = (Public, ); }; };
		30292A542315778800917554 /* YDGLOperationLogger.h in Headers */ = {isa = PBXBuildFile; fileRef = 429BEAD11D56FAC5002194A5 /* YDGLOperationLogger.h */; settings = {ATTRIBUTES = (Public, ); }; };
		30292A552315778D00917554 /* YDGLUtil.h in Headers */ = {isa = PBXBuildFile; fileRef = 42AD39DE1D8262AA002B6246 /* YDGLUtil.h */; settings = {ATTRIBUTES = (Public, ); }; };
		30292A562315779300917554 /* YDGLOperationThreeInputNode.h in Headers */ = {isa = PBXBuildFile; fileRef = 423E043B1C998A1600972691 /* YDGLOperationThreeInputNode.h */; settings = {ATTRIBUTES = (Public, ); }; };
		30292A572315779800917554 /* YDGLOperationTwoInputNode.h in Headers */ = {isa = PBXBuildFile; fileRef = 423E043D1C998A1600972691 /* YDGLOperationTwoInputNode.h */; settings = {ATTRIBUTES = (Public, ); }; };
		30292A582315779C00917554 /* YDGLOperationNodeLayer.h in Headers */ = {isa = PBXBuildFile; fileRef = 429A97231CBD21AE00259908 /* YDGLOperationNodeLayer.h */; settings = {ATTRIBUTES = (Public, ); }; };
		30292A59231577A300917554 /* YDGLOperationNodeDisplayView.h in Headers */ = {isa = PBXBuildFile; fileRef = 424D94AF1C9BF183006DA52D /* YDGLOperationNodeDisplayView.h */; settings = {ATTRIBUTES = (Public, ); }; };
		30292A5A231577A800917554 /* YDGLOperationSourceNode.h in Headers */ = {isa = PBXBuildFile; fileRef = 42BBE22A1C99630E0035BC01 /* YDGLOperationSourceNode.h */; settings = {ATTRIBUTES = (Public, ); }; };
		30292A5B231577AE00917554 /* YDDrawModel.h in Headers */ = {isa = PBXBuildFile; fileRef = 42BBE22B1C99630E0035BC01 /* YDDrawModel.h */; settings = {ATTRIBUTES = (Public, ); }; };
		30292A5C231577B300917554 /* YDGLOperationNode.h in Headers */ = {isa = PBXBuildFile; fileRef = 42BBE22D1C99630E0035BC01 /* YDGLOperationNode.h */; settings = {ATTRIBUTES = (Public, ); }; };
		30292A5D231577B900917554 /* YDGLOperationKit.h in Headers */ = {isa = PBXBuildFile; fileRef = 42AE46DF1CEADE500089353C /* YDGLOperationKit.h */; settings = {ATTRIBUTES = (Public, ); }; };
		30292A5E231577BF00917554 /* YDGLOperationContext.h in Headers */ = {isa = PBXBuildFile; fileRef = 429A97351CBF693C00259908 /* YDGLOperationContext.h */; settings = {ATTRIBUTES = (Public, ); }; };
		30292A602315781300917554 /* Info.plist in Resources */ = {isa = PBXBuildFile; fileRef = 30292A5F2315781300917554 /* Info.plist */; };
		305948BD23161DFD00C2FC53 /* YDGLOperationNV12SourceNode.h in Headers */ = {isa = PBXBuildFile; fileRef = 42DF41FB1CB39B090099A6B2 /* YDGLOperationNV12SourceNode.h */; settings = {ATTRIBUTES = (Public, ); }; };
		305948BE23161E0200C2FC53 /* YDGLOperationI420SourceNode.h in Headers */ = {isa = PBXBuildFile; fileRef = 426AD5631CAE68AE0023AC7E /* YDGLOperationI420SourceNode.h */; settings = {ATTRIBUTES = (Public, ); }; };
		305948BF23161E0800C2FC53 /* YDGLOperationUIImageSourceNode.h in Headers */ = {isa = PBXBuildFile; fileRef = 424EFFA01CB7912500396D2B /* YDGLOperationUIImageSourceNode.h */; settings = {ATTRIBUTES = (Public, ); }; };
		305948C023161E0D00C2FC53 /* YDGLOperationCVPixelBufferSourceNode.h in Headers */ = {isa = PBXBuildFile; fileRef = 424EFFA41CB7933200396D2B /* YDGLOperationCVPixelBufferSourceNode.h */; settings = {ATTRIBUTES = (Public, ); }; };
		305948C123161E1200C2FC53 /* YDGLOperationCGContextSourceNode.h in Headers */ = {isa = PBXBuildFile; fileRef = 30C70AFE1CC245B4004A08F5 /* YDGLOperationCGContextSourceNode.h */; settings = {ATTRIBUTES = (Public, ); }; };
/* End PBXBuildFile section */

/* Begin PBXFileReference section */
		30292A27231576FE00917554 /* YDGLOperationKit.framework */ = {isa = PBXFileReference; explicitFileType = wrapper.framework; includeInIndex = 0; path = YDGLOperationKit.framework; sourceTree = BUILT_PRODUCTS_DIR; };
		30292A5F2315781300917554 /* Info.plist */ = {isa = PBXFileReference; fileEncoding = 4; lastKnownFileType = text.plist.xml; path = Info.plist; sourceTree = "<group>"; };
		30C70AFE1CC245B4004A08F5 /* YDGLOperationCGContextSourceNode.h */ = {isa = PBXFileReference; fileEncoding = 4; lastKnownFileType = sourcecode.c.h; path = YDGLOperationCGContextSourceNode.h; sourceTree = "<group>"; };
		30C70AFF1CC245B4004A08F5 /* YDGLOperationCGContextSourceNode.m */ = {isa = PBXFileReference; fileEncoding = 4; lastKnownFileType = sourcecode.c.objc; path = YDGLOperationCGContextSourceNode.m; sourceTree = "<group>"; };
		423E043B1C998A1600972691 /* YDGLOperationThreeInputNode.h */ = {isa = PBXFileReference; fileEncoding = 4; lastKnownFileType = sourcecode.c.h; path = YDGLOperationThreeInputNode.h; sourceTree = "<group>"; };
		423E043C1C998A1600972691 /* YDGLOperationThreeInputNode.m */ = {isa = PBXFileReference; fileEncoding = 4; lastKnownFileType = sourcecode.c.objc; path = YDGLOperationThreeInputNode.m; sourceTree = "<group>"; };
		423E043D1C998A1600972691 /* YDGLOperationTwoInputNode.h */ = {isa = PBXFileReference; fileEncoding = 4; lastKnownFileType = sourcecode.c.h; path = YDGLOperationTwoInputNode.h; sourceTree = "<group>"; };
		423E043E1C998A1600972691 /* YDGLOperationTwoInputNode.m */ = {isa = PBXFileReference; fileEncoding = 4; lastKnownFileType = sourcecode.c.objc; path = YDGLOperationTwoInputNode.m; sourceTree = "<group>"; };
		424D94AE1C9BF183006DA52D /* YDGLOperationNodeDisplayView.m */ = {isa = PBXFileReference; fileEncoding = 4; lastKnownFileType = sourcecode.c.objc; path = YDGLOperationNodeDisplayView.m; sourceTree = "<group>"; };
		424D94AF1C9BF183006DA52D /* YDGLOperationNodeDisplayView.h */ = {isa = PBXFileReference; fileEncoding = 4; lastKnownFileType = sourcecode.c.h; path = YDGLOperationNodeDisplayView.h; sourceTree = "<group>"; };
		424EFFA01CB7912500396D2B /* YDGLOperationUIImageSourceNode.h */ = {isa = PBXFileReference; fileEncoding = 4; lastKnownFileType = sourcecode.c.h; path = YDGLOperationUIImageSourceNode.h; sourceTree = "<group>"; };
		424EFFA11CB7912500396D2B /* YDGLOperationUIImageSourceNode.m */ = {isa = PBXFileReference; fileEncoding = 4; lastKnownFileType = sourcecode.c.objc; path = YDGLOperationUIImageSourceNode.m; sourceTree = "<group>"; };
		424EFFA41CB7933200396D2B /* YDGLOperationCVPixelBufferSourceNode.h */ = {isa = PBXFileReference; fileEncoding = 4; lastKnownFileType = sourcecode.c.h; path = YDGLOperationCVPixelBufferSourceNode.h; sourceTree = "<group>"; };
		424EFFA51CB7933200396D2B /* YDGLOperationCVPixelBufferSourceNode.m */ = {isa = PBXFileReference; fileEncoding = 4; lastKnownFileType = sourcecode.c.objc; path = YDGLOperationCVPixelBufferSourceNode.m; sourceTree = "<group>"; };
		426AD54D1CAD3E070023AC7E /* ShaderLoader.c */ = {isa = PBXFileReference; fileEncoding = 4; lastKnownFileType = sourcecode.c.c; path = ShaderLoader.c; sourceTree = "<group>"; };
		426AD54E1CAD3E070023AC7E /* ShaderLoader.h */ = {isa = PBXFileReference; fileEncoding = 4; lastKnownFileType = sourcecode.c.h; path = ShaderLoader.h; sourceTree = "<group>"; };
		426AD54F1CAD3E070023AC7E /* YDGLOperationColorConversion.h */ = {isa = PBXFileReference; fileEncoding = 4; lastKnownFileType = sourcecode.c.h; path = YDGLOperationColorConversion.h; sourceTree = "<group>"; };
		426AD5501CAD3E070023AC7E /* YDGLOperationColorConversion.m */ = {isa = PBXFileReference; fileEncoding = 4; lastKnownFileType = sourcecode.c.objc; path = YDGLOperationColorConversion.m; sourceTree = "<group>"; };
		426AD55C1CAD52B70023AC7E /* GLKit.framework */ = {isa = PBXFileReference; lastKnownFileType = wrapper.framework; name = GLKit.framework; path = System/Library/Frameworks/GLKit.framework; sourceTree = SDKROOT; };
		426AD5631CAE68AE0023AC7E /* YDGLOperationI420SourceNode.h */ = {isa = PBXFileReference; fileEncoding = 4; lastKnownFileType = sourcecode.c.h; path = YDGLOperationI420SourceNode.h; sourceTree = "<group>"; };
		426AD5641CAE68AE0023AC7E /* YDGLOperationI420SourceNode.m */ = {isa = PBXFileReference; fileEncoding = 4; lastKnownFileType = sourcecode.c.objc; path = YDGLOperationI420SourceNode.m; sourceTree = "<group>"; };
		429A97231CBD21AE00259908 /* YDGLOperationNodeLayer.h */ = {isa = PBXFileReference; fileEncoding = 4; lastKnownFileType = sourcecode.c.h; path = YDGLOperationNodeLayer.h; sourceTree = "<group>"; };
		429A97241CBD21AE00259908 /* YDGLOperationNodeLayer.m */ = {isa = PBXFileReference; fileEncoding = 4; lastKnownFileType = sourcecode.c.objc; path = YDGLOperationNodeLayer.m; sourceTree = "<group>"; };
		429A97351CBF693C00259908 /* YDGLOperationContext.h */ = {isa = PBXFileReference; fileEncoding = 4; lastKnownFileType = sourcecode.c.h; path = YDGLOperationContext.h; sourceTree = "<group>"; };
		429A97361CBF693C00259908 /* YDGLOperationContext.m */ = {isa = PBXFileReference; fileEncoding = 4; lastKnownFileType = sourcecode.c.objc; path = YDGLOperationContext.m; sourceTree = "<group>"; };
		429BEAD11D56FAC5002194A5 /* YDGLOperationLogger.h */ = {isa = PBXFileReference; fileEncoding = 4; lastKnownFileType = sourcecode.c.h; path = YDGLOperationLogger.h; sourceTree = "<group>"; };
		429BEAD21D56FAC5002194A5 /* YDGLOperationLogger.m */ = {isa = PBXFileReference; fileEncoding = 4; lastKnownFileType = sourcecode.c.objc; path = YDGLOperationLogger.m; sourceTree = "<group>"; };
		42AD39DE1D8262AA002B6246 /* YDGLUtil.h */ = {isa = PBXFileReference; fileEncoding = 4; lastKnownFileType = sourcecode.c.h; path = YDGLUtil.h; sourceTree = "<group>"; };
		42AD39DF1D8262AA002B6246 /* YDGLUtil.m */ = {isa = PBXFileReference; fileEncoding = 4; lastKnownFileType = sourcecode.c.objc; path = YDGLUtil.m; sourceTree = "<group>"; };
		42AE46DF1CEADE500089353C /* YDGLOperationKit.h */ = {isa = PBXFileReference; fileEncoding = 4; lastKnownFileType = sourcecode.c.h; path = YDGLOperationKit.h; sourceTree = "<group>"; };
		42BBE2291C99630E0035BC01 /* YDGLOperationSourceNode.m */ = {isa = PBXFileReference; fileEncoding = 4; lastKnownFileType = sourcecode.c.objc; path = YDGLOperationSourceNode.m; sourceTree = "<group>"; };
		42BBE22A1C99630E0035BC01 /* YDGLOperationSourceNode.h */ = {isa = PBXFileReference; fileEncoding = 4; lastKnownFileType = sourcecode.c.h; path = YDGLOperationSourceNode.h; sourceTree = "<group>"; };
		42BBE22B1C99630E0035BC01 /* YDDrawModel.h */ = {isa = PBXFileReference; fileEncoding = 4; lastKnownFileType = sourcecode.c.h; path = YDDrawModel.h; sourceTree = "<group>"; };
		42BBE22C1C99630E0035BC01 /* YDDrawModel.m */ = {isa = PBXFileReference; fileEncoding = 4; lastKnownFileType = sourcecode.c.objc; path = YDDrawModel.m; sourceTree = "<group>"; };
		42BBE22D1C99630E0035BC01 /* YDGLOperationNode.h */ = {isa = PBXFileReference; fileEncoding = 4; lastKnownFileType = sourcecode.c.h; path = YDGLOperationNode.h; sourceTree = "<group>"; };
		42BBE22E1C99630E0035BC01 /* YDGLOperationNode.m */ = {isa = PBXFileReference; fileEncoding = 4; lastKnownFileType = sourcecode.c.objc; path = YDGLOperationNode.m; sourceTree = "<group>"; };
		42BBE2E81C996F220035BC01 /* Foundation.framework */ = {isa = PBXFileReference; lastKnownFileType = wrapper.framework; name = Foundation.framework; path = System/Library/Frameworks/Foundation.framework; sourceTree = SDKROOT; };
		42BBE2EA1C996F280035BC01 /* UIKit.framework */ = {isa = PBXFileReference; lastKnownFileType = wrapper.framework; name = UIKit.framework; path = System/Library/Frameworks/UIKit.framework; sourceTree = SDKROOT; };
		42DF41FB1CB39B090099A6B2 /* YDGLOperationNV12SourceNode.h */ = {isa = PBXFileReference; fileEncoding = 4; lastKnownFileType = sourcecode.c.h; path = YDGLOperationNV12SourceNode.h; sourceTree = "<group>"; };
		42DF41FC1CB39B090099A6B2 /* YDGLOperationNV12SourceNode.m */ = {isa = PBXFileReference; fileEncoding = 4; lastKnownFileType = sourcecode.c.objc; path = YDGLOperationNV12SourceNode.m; sourceTree = "<group>"; };
/* End PBXFileReference section */

/* Begin PBXFrameworksBuildPhase section */
		30292A24231576FE00917554 /* Frameworks */ = {
			isa = PBXFrameworksBuildPhase;
			buildActionMask = 2147483647;
			files = (
			);
			runOnlyForDeploymentPostprocessing = 0;
		};
/* End PBXFrameworksBuildPhase section */

/* Begin PBXGroup section */
		423E043A1C998A1600972691 /* extends */ = {
			isa = PBXGroup;
			children = (
				423E043B1C998A1600972691 /* YDGLOperationThreeInputNode.h */,
				423E043C1C998A1600972691 /* YDGLOperationThreeInputNode.m */,
				423E043D1C998A1600972691 /* YDGLOperationTwoInputNode.h */,
				423E043E1C998A1600972691 /* YDGLOperationTwoInputNode.m */,
				429A97231CBD21AE00259908 /* YDGLOperationNodeLayer.h */,
				429A97241CBD21AE00259908 /* YDGLOperationNodeLayer.m */,
			);
			path = extends;
			sourceTree = "<group>";
		};
		426AD54A1CAD3E070023AC7E /* common */ = {
			isa = PBXGroup;
			children = (
				426AD54D1CAD3E070023AC7E /* ShaderLoader.c */,
				426AD54E1CAD3E070023AC7E /* ShaderLoader.h */,
				426AD54F1CAD3E070023AC7E /* YDGLOperationColorConversion.h */,
				426AD5501CAD3E070023AC7E /* YDGLOperationColorConversion.m */,
				429BEAD11D56FAC5002194A5 /* YDGLOperationLogger.h */,
				429BEAD21D56FAC5002194A5 /* YDGLOperationLogger.m */,
				42AD39DE1D8262AA002B6246 /* YDGLUtil.h */,
				42AD39DF1D8262AA002B6246 /* YDGLUtil.m */,
			);
			path = common;
			sourceTree = "<group>";
		};
		426AD5621CAE68560023AC7E /* inputNode */ = {
			isa = PBXGroup;
			children = (
				42DF41FB1CB39B090099A6B2 /* YDGLOperationNV12SourceNode.h */,
				42DF41FC1CB39B090099A6B2 /* YDGLOperationNV12SourceNode.m */,
				426AD5631CAE68AE0023AC7E /* YDGLOperationI420SourceNode.h */,
				426AD5641CAE68AE0023AC7E /* YDGLOperationI420SourceNode.m */,
				424EFFA01CB7912500396D2B /* YDGLOperationUIImageSourceNode.h */,
				424EFFA11CB7912500396D2B /* YDGLOperationUIImageSourceNode.m */,
				424EFFA41CB7933200396D2B /* YDGLOperationCVPixelBufferSourceNode.h */,
				424EFFA51CB7933200396D2B /* YDGLOperationCVPixelBufferSourceNode.m */,
				30C70AFE1CC245B4004A08F5 /* YDGLOperationCGContextSourceNode.h */,
				30C70AFF1CC245B4004A08F5 /* YDGLOperationCGContextSourceNode.m */,
			);
			path = inputNode;
			sourceTree = "<group>";
		};
		42BBE2121C9962A60035BC01 = {
			isa = PBXGroup;
			children = (
				426AD55C1CAD52B70023AC7E /* GLKit.framework */,
				42BBE2EA1C996F280035BC01 /* UIKit.framework */,
				42BBE2E81C996F220035BC01 /* Foundation.framework */,
				42BBE21D1C9962A60035BC01 /* YDGLOperationKit */,
				42BBE21C1C9962A60035BC01 /* Products */,
			);
			sourceTree = "<group>";
		};
		42BBE21C1C9962A60035BC01 /* Products */ = {
			isa = PBXGroup;
			children = (
				30292A27231576FE00917554 /* YDGLOperationKit.framework */,
			);
			name = Products;
			sourceTree = "<group>";
		};
		42BBE21D1C9962A60035BC01 /* YDGLOperationKit */ = {
			isa = PBXGroup;
			children = (
				30292A5F2315781300917554 /* Info.plist */,
				42BBE2271C9962EE0035BC01 /* source */,
			);
			path = YDGLOperationKit;
			sourceTree = "<group>";
		};
		42BBE2271C9962EE0035BC01 /* source */ = {
			isa = PBXGroup;
			children = (
				426AD54A1CAD3E070023AC7E /* common */,
				423E043A1C998A1600972691 /* extends */,
				42BBE2281C9962F90035BC01 /* core */,
			);
			path = source;
			sourceTree = "<group>";
		};
		42BBE2281C9962F90035BC01 /* core */ = {
			isa = PBXGroup;
			children = (
				426AD5621CAE68560023AC7E /* inputNode */,
				424D94AE1C9BF183006DA52D /* YDGLOperationNodeDisplayView.m */,
				424D94AF1C9BF183006DA52D /* YDGLOperationNodeDisplayView.h */,
				42BBE2291C99630E0035BC01 /* YDGLOperationSourceNode.m */,
				42BBE22A1C99630E0035BC01 /* YDGLOperationSourceNode.h */,
				42BBE22B1C99630E0035BC01 /* YDDrawModel.h */,
				42BBE22C1C99630E0035BC01 /* YDDrawModel.m */,
				42BBE22D1C99630E0035BC01 /* YDGLOperationNode.h */,
				42BBE22E1C99630E0035BC01 /* YDGLOperationNode.m */,
				42AE46DF1CEADE500089353C /* YDGLOperationKit.h */,
				429A97351CBF693C00259908 /* YDGLOperationContext.h */,
				429A97361CBF693C00259908 /* YDGLOperationContext.m */,
			);
			path = core;
			sourceTree = "<group>";
		};
/* End PBXGroup section */

/* Begin PBXHeadersBuildPhase section */
		30292A22231576FE00917554 /* Headers */ = {
			isa = PBXHeadersBuildPhase;
			buildActionMask = 2147483647;
			files = (
				30292A5E231577BF00917554 /* YDGLOperationContext.h in Headers */,
				30292A562315779300917554 /* YDGLOperationThreeInputNode.h in Headers */,
				30292A5D231577B900917554 /* YDGLOperationKit.h in Headers */,
				30292A5C231577B300917554 /* YDGLOperationNode.h in Headers */,
				30292A542315778800917554 /* YDGLOperationLogger.h in Headers */,
				30292A582315779C00917554 /* YDGLOperationNodeLayer.h in Headers */,
				305948BE23161E0200C2FC53 /* YDGLOperationI420SourceNode.h in Headers */,
				30292A5A231577A800917554 /* YDGLOperationSourceNode.h in Headers */,
				30292A532315778200917554 /* YDGLOperationColorConversion.h in Headers */,
				305948C123161E1200C2FC53 /* YDGLOperationCGContextSourceNode.h in Headers */,
				30292A59231577A300917554 /* YDGLOperationNodeDisplayView.h in Headers */,
				30292A552315778D00917554 /* YDGLUtil.h in Headers */,
				30292A572315779800917554 /* YDGLOperationTwoInputNode.h in Headers */,
				30292A522315777C00917554 /* ShaderLoader.h in Headers */,
				305948BD23161DFD00C2FC53 /* YDGLOperationNV12SourceNode.h in Headers */,
				305948C023161E0D00C2FC53 /* YDGLOperationCVPixelBufferSourceNode.h in Headers */,
				305948BF23161E0800C2FC53 /* YDGLOperationUIImageSourceNode.h in Headers */,
				30292A5B231577AE00917554 /* YDDrawModel.h in Headers */,
			);
			runOnlyForDeploymentPostprocessing = 0;
		};
/* End PBXHeadersBuildPhase section */

/* Begin PBXNativeTarget section */
		30292A26231576FE00917554 /* YDGLOperationKit */ = {
			isa = PBXNativeTarget;
			buildConfigurationList = 30292A2C231576FE00917554 /* Build configuration list for PBXNativeTarget "YDGLOperationKit" */;
			buildPhases = (
				30292A22231576FE00917554 /* Headers */,
				30292A23231576FE00917554 /* Sources */,
				30292A24231576FE00917554 /* Frameworks */,
				30292A25231576FE00917554 /* Resources */,
			);
			buildRules = (
			);
			dependencies = (
			);
			name = YDGLOperationKit;
			productName = YDGLOperationKit;
			productReference = 30292A27231576FE00917554 /* YDGLOperationKit.framework */;
			productType = "com.apple.product-type.framework";
		};
/* End PBXNativeTarget section */

/* Begin PBXProject section */
		42BBE2131C9962A60035BC01 /* Project object */ = {
			isa = PBXProject;
			attributes = {
				CLASSPREFIX = YD;
				DefaultBuildSystemTypeForWorkspace = Original;
				LastUpgradeCheck = 0720;
				ORGANIZATIONNAME = yifan;
				TargetAttributes = {
					30292A26231576FE00917554 = {
						CreatedOnToolsVersion = 10.1;
						ProvisioningStyle = Automatic;
					};
				};
			};
			buildConfigurationList = 42BBE2161C9962A60035BC01 /* Build configuration list for PBXProject "YDGLOperationKit" */;
			compatibilityVersion = "Xcode 3.2";
			developmentRegion = English;
			hasScannedForEncodings = 0;
			knownRegions = (
				English,
				en,
			);
			mainGroup = 42BBE2121C9962A60035BC01;
			productRefGroup = 42BBE21C1C9962A60035BC01 /* Products */;
			projectDirPath = "";
			projectRoot = "";
			targets = (
				30292A26231576FE00917554 /* YDGLOperationKit */,
			);
		};
/* End PBXProject section */

/* Begin PBXResourcesBuildPhase section */
		30292A25231576FE00917554 /* Resources */ = {
			isa = PBXResourcesBuildPhase;
			buildActionMask = 2147483647;
			files = (
				30292A602315781300917554 /* Info.plist in Resources */,
			);
			runOnlyForDeploymentPostprocessing = 0;
		};
/* End PBXResourcesBuildPhase section */

/* Begin PBXSourcesBuildPhase section */
		30292A23231576FE00917554 /* Sources */ = {
			isa = PBXSourcesBuildPhase;
			buildActionMask = 2147483647;
			files = (
				30292A2F2315774500917554 /* ShaderLoader.c in Sources */,
				30292A322315774500917554 /* YDGLOperationColorConversion.m in Sources */,
				30292A342315774500917554 /* YDGLOperationLogger.m in Sources */,
				30292A362315774500917554 /* YDGLUtil.m in Sources */,
				30292A382315774500917554 /* YDGLOperationThreeInputNode.m in Sources */,
				30292A3A2315774500917554 /* YDGLOperationTwoInputNode.m in Sources */,
				30292A3C2315774500917554 /* YDGLOperationNodeLayer.m in Sources */,
				30292A3E2315774500917554 /* YDGLOperationNV12SourceNode.m in Sources */,
				30292A402315774500917554 /* YDGLOperationI420SourceNode.m in Sources */,
				30292A422315774500917554 /* YDGLOperationUIImageSourceNode.m in Sources */,
				30292A442315774500917554 /* YDGLOperationCVPixelBufferSourceNode.m in Sources */,
				30292A462315774500917554 /* YDGLOperationCGContextSourceNode.m in Sources */,
				30292A472315774500917554 /* YDGLOperationNodeDisplayView.m in Sources */,
				30292A492315774500917554 /* YDGLOperationSourceNode.m in Sources */,
				30292A4C2315774500917554 /* YDDrawModel.m in Sources */,
				30292A4E2315774500917554 /* YDGLOperationNode.m in Sources */,
				30292A512315774500917554 /* YDGLOperationContext.m in Sources */,
			);
			runOnlyForDeploymentPostprocessing = 0;
		};
/* End PBXSourcesBuildPhase section */

/* Begin XCBuildConfiguration section */
		30292A2D231576FE00917554 /* Debug */ = {
			isa = XCBuildConfiguration;
			buildSettings = {
				CLANG_ANALYZER_NONNULL = YES;
				CLANG_ANALYZER_NUMBER_OBJECT_CONVERSION = YES_AGGRESSIVE;
				CLANG_CXX_LANGUAGE_STANDARD = "gnu++14";
				CLANG_ENABLE_OBJC_WEAK = YES;
				CLANG_WARN_BLOCK_CAPTURE_AUTORELEASING = YES;
				CLANG_WARN_COMMA = YES;
				CLANG_WARN_DEPRECATED_OBJC_IMPLEMENTATIONS = YES;
				CLANG_WARN_DOCUMENTATION_COMMENTS = YES;
				CLANG_WARN_INFINITE_RECURSION = YES;
				CLANG_WARN_NON_LITERAL_NULL_CONVERSION = YES;
				CLANG_WARN_OBJC_IMPLICIT_RETAIN_SELF = YES;
				CLANG_WARN_OBJC_LITERAL_CONVERSION = YES;
				CLANG_WARN_RANGE_LOOP_ANALYSIS = YES;
				CLANG_WARN_STRICT_PROTOTYPES = YES;
				CLANG_WARN_SUSPICIOUS_MOVE = YES;
				CLANG_WARN_UNGUARDED_AVAILABILITY = YES_AGGRESSIVE;
				CODE_SIGN_IDENTITY = "iPhone Developer";
				CODE_SIGN_STYLE = Automatic;
				CURRENT_PROJECT_VERSION = 1;
				DEFINES_MODULE = YES;
				DYLIB_COMPATIBILITY_VERSION = 1;
				DYLIB_CURRENT_VERSION = 1;
				DYLIB_INSTALL_NAME_BASE = "@rpath";
				GCC_C_LANGUAGE_STANDARD = gnu11;
				INFOPLIST_FILE = YDGLOperationKit/Info.plist;
				INSTALL_PATH = "$(LOCAL_LIBRARY_DIR)/Frameworks";
				IPHONEOS_DEPLOYMENT_TARGET = 9.0;
				LD_RUNPATH_SEARCH_PATHS = "$(inherited) @executable_path/Frameworks @loader_path/Frameworks";
				MACH_O_TYPE = staticlib;
				MTL_ENABLE_DEBUG_INFO = INCLUDE_SOURCE;
				MTL_FAST_MATH = YES;
				PRODUCT_BUNDLE_IDENTIFIER = sss.YDGLOperationKit;
				PRODUCT_NAME = "$(TARGET_NAME:c99extidentifier)";
				SKIP_INSTALL = YES;
				SWIFT_ACTIVE_COMPILATION_CONDITIONS = DEBUG;
				SWIFT_OPTIMIZATION_LEVEL = "-Onone";
				SWIFT_VERSION = 4.2;
				TARGETED_DEVICE_FAMILY = "1,2";
				VERSIONING_SYSTEM = "apple-generic";
				VERSION_INFO_PREFIX = "";
			};
			name = Debug;
		};
		30292A2E231576FE00917554 /* Release */ = {
			isa = XCBuildConfiguration;
			buildSettings = {
				CLANG_ANALYZER_NONNULL = YES;
				CLANG_ANALYZER_NUMBER_OBJECT_CONVERSION = YES_AGGRESSIVE;
				CLANG_CXX_LANGUAGE_STANDARD = "gnu++14";
				CLANG_ENABLE_OBJC_WEAK = YES;
				CLANG_WARN_BLOCK_CAPTURE_AUTORELEASING = YES;
				CLANG_WARN_COMMA = YES;
				CLANG_WARN_DEPRECATED_OBJC_IMPLEMENTATIONS = YES;
				CLANG_WARN_DOCUMENTATION_COMMENTS = YES;
				CLANG_WARN_INFINITE_RECURSION = YES;
				CLANG_WARN_NON_LITERAL_NULL_CONVERSION = YES;
				CLANG_WARN_OBJC_IMPLICIT_RETAIN_SELF = YES;
				CLANG_WARN_OBJC_LITERAL_CONVERSION = YES;
				CLANG_WARN_RANGE_LOOP_ANALYSIS = YES;
				CLANG_WARN_STRICT_PROTOTYPES = YES;
				CLANG_WARN_SUSPICIOUS_MOVE = YES;
				CLANG_WARN_UNGUARDED_AVAILABILITY = YES_AGGRESSIVE;
				CODE_SIGN_IDENTITY = "iPhone Developer";
				CODE_SIGN_STYLE = Automatic;
				CURRENT_PROJECT_VERSION = 1;
				DEFINES_MODULE = YES;
				DYLIB_COMPATIBILITY_VERSION = 1;
				DYLIB_CURRENT_VERSION = 1;
				DYLIB_INSTALL_NAME_BASE = "@rpath";
				GCC_C_LANGUAGE_STANDARD = gnu11;
				INFOPLIST_FILE = YDGLOperationKit/Info.plist;
				INSTALL_PATH = "$(LOCAL_LIBRARY_DIR)/Frameworks";
				IPHONEOS_DEPLOYMENT_TARGET = 9.0;
				LD_RUNPATH_SEARCH_PATHS = "$(inherited) @executable_path/Frameworks @loader_path/Frameworks";
				MACH_O_TYPE = staticlib;
				MTL_FAST_MATH = YES;
				PRODUCT_BUNDLE_IDENTIFIER = sss.YDGLOperationKit;
				PRODUCT_NAME = "$(TARGET_NAME:c99extidentifier)";
				SKIP_INSTALL = YES;
				SWIFT_OPTIMIZATION_LEVEL = "-Owholemodule";
				SWIFT_VERSION = 4.2;
				TARGETED_DEVICE_FAMILY = "1,2";
				VERSIONING_SYSTEM = "apple-generic";
				VERSION_INFO_PREFIX = "";
			};
			name = Release;
		};
		42BBE2221C9962A60035BC01 /* Debug */ = {
			isa = XCBuildConfiguration;
			buildSettings = {
				ALWAYS_SEARCH_USER_PATHS = NO;
				CLANG_CXX_LANGUAGE_STANDARD = "gnu++0x";
				CLANG_CXX_LIBRARY = "libc++";
				CLANG_ENABLE_MODULES = YES;
				CLANG_ENABLE_OBJC_ARC = YES;
				CLANG_WARN_BOOL_CONVERSION = YES;
				CLANG_WARN_CONSTANT_CONVERSION = YES;
				CLANG_WARN_DIRECT_OBJC_ISA_USAGE = YES_ERROR;
				CLANG_WARN_EMPTY_BODY = YES;
				CLANG_WARN_ENUM_CONVERSION = YES;
				CLANG_WARN_INT_CONVERSION = YES;
				CLANG_WARN_OBJC_ROOT_CLASS = YES_ERROR;
				CLANG_WARN_UNREACHABLE_CODE = YES;
				CLANG_WARN__DUPLICATE_METHOD_MATCH = YES;
				"CODE_SIGN_IDENTITY[sdk=iphoneos*]" = "iPhone Developer";
				COPY_PHASE_STRIP = NO;
				DEBUG_INFORMATION_FORMAT = dwarf;
				ENABLE_STRICT_OBJC_MSGSEND = YES;
				ENABLE_TESTABILITY = YES;
				GCC_C_LANGUAGE_STANDARD = gnu99;
				GCC_DYNAMIC_NO_PIC = NO;
				GCC_NO_COMMON_BLOCKS = YES;
				GCC_OPTIMIZATION_LEVEL = 0;
				GCC_PREPROCESSOR_DEFINITIONS = (
					"DEBUG=1",
					"$(inherited)",
				);
				GCC_WARN_64_TO_32_BIT_CONVERSION = YES;
				GCC_WARN_ABOUT_RETURN_TYPE = YES_ERROR;
				GCC_WARN_UNDECLARED_SELECTOR = YES;
				GCC_WARN_UNINITIALIZED_AUTOS = YES_AGGRESSIVE;
				GCC_WARN_UNUSED_FUNCTION = YES;
				GCC_WARN_UNUSED_VARIABLE = YES;
				IPHONEOS_DEPLOYMENT_TARGET = 9.0;
				MTL_ENABLE_DEBUG_INFO = YES;
				ONLY_ACTIVE_ARCH = YES;
				SDKROOT = iphoneos;
			};
			name = Debug;
		};
		42BBE2231C9962A60035BC01 /* Release */ = {
			isa = XCBuildConfiguration;
			buildSettings = {
				ALWAYS_SEARCH_USER_PATHS = NO;
				CLANG_CXX_LANGUAGE_STANDARD = "gnu++0x";
				CLANG_CXX_LIBRARY = "libc++";
				CLANG_ENABLE_MODULES = YES;
				CLANG_ENABLE_OBJC_ARC = YES;
				CLANG_WARN_BOOL_CONVERSION = YES;
				CLANG_WARN_CONSTANT_CONVERSION = YES;
				CLANG_WARN_DIRECT_OBJC_ISA_USAGE = YES_ERROR;
				CLANG_WARN_EMPTY_BODY = YES;
				CLANG_WARN_ENUM_CONVERSION = YES;
				CLANG_WARN_INT_CONVERSION = YES;
				CLANG_WARN_OBJC_ROOT_CLASS = YES_ERROR;
				CLANG_WARN_UNREACHABLE_CODE = YES;
				CLANG_WARN__DUPLICATE_METHOD_MATCH = YES;
				"CODE_SIGN_IDENTITY[sdk=iphoneos*]" = "iPhone Developer";
				COPY_PHASE_STRIP = NO;
				DEBUG_INFORMATION_FORMAT = "dwarf-with-dsym";
				ENABLE_NS_ASSERTIONS = NO;
				ENABLE_STRICT_OBJC_MSGSEND = YES;
				GCC_C_LANGUAGE_STANDARD = gnu99;
				GCC_NO_COMMON_BLOCKS = YES;
				GCC_WARN_64_TO_32_BIT_CONVERSION = YES;
				GCC_WARN_ABOUT_RETURN_TYPE = YES_ERROR;
				GCC_WARN_UNDECLARED_SELECTOR = YES;
				GCC_WARN_UNINITIALIZED_AUTOS = YES_AGGRESSIVE;
				GCC_WARN_UNUSED_FUNCTION = YES;
				GCC_WARN_UNUSED_VARIABLE = YES;
				IPHONEOS_DEPLOYMENT_TARGET = 9.0;
				MTL_ENABLE_DEBUG_INFO = NO;
				SDKROOT = iphoneos;
				VALIDATE_PRODUCT = YES;
			};
			name = Release;
		};
/* End XCBuildConfiguration section */

/* Begin XCConfigurationList section */
		30292A2C231576FE00917554 /* Build configuration list for PBXNativeTarget "YDGLOperationKit" */ = {
			isa = XCConfigurationList;
			buildConfigurations = (
				30292A2D231576FE00917554 /* Debug */,
				30292A2E231576FE00917554 /* Release */,
			);
			defaultConfigurationIsVisible = 0;
			defaultConfigurationName = Release;
		};
		42BBE2161C9962A60035BC01 /* Build configuration list for PBXProject "YDGLOperationKit" */ = {
			isa = XCConfigurationList;
			buildConfigurations = (
				42BBE2221C9962A60035BC01 /* Debug */,
				42BBE2231C9962A60035BC01 /* Release */,
			);
			defaultConfigurationIsVisible = 0;
			defaultConfigurationName = Release;
		};
/* End XCConfigurationList section */
	};
	rootObject = 42BBE2131C9962A60035BC01 /* Project object */;
}
