// !$*UTF8*$!
{
	archiveVersion = 1;
	classes = {
	};
	objectVersion = 46;
	objects = {

/* Begin PBXAggregateTarget section */
		423E04161C99846100972691 /* framework */ = {
			isa = PBXAggregateTarget;
			buildConfigurationList = 423E04171C99846100972691 /* Build configuration list for PBXAggregateTarget "framework" */;
			buildPhases = (
				423E041C1C99847200972691 /* ShellScript */,
			);
			dependencies = (
				423E041B1C99846F00972691 /* PBXTargetDependency */,
			);
			name = framework;
			productName = framework;
		};
/* End PBXAggregateTarget section */

/* Begin PBXBuildFile section */
		423E043F1C998A1600972691 /* YDGLOperationThreeInputNode.h in Headers */ = {isa = PBXBuildFile; fileRef = 423E043B1C998A1600972691 /* YDGLOperationThreeInputNode.h */; settings = {ATTRIBUTES = (Public, ); }; };
		423E04401C998A1600972691 /* YDGLOperationThreeInputNode.m in Sources */ = {isa = PBXBuildFile; fileRef = 423E043C1C998A1600972691 /* YDGLOperationThreeInputNode.m */; };
		423E04411C998A1600972691 /* YDGLOperationTwoInputNode.h in Headers */ = {isa = PBXBuildFile; fileRef = 423E043D1C998A1600972691 /* YDGLOperationTwoInputNode.h */; settings = {ATTRIBUTES = (Public, ); }; };
		423E04421C998A1600972691 /* YDGLOperationTwoInputNode.m in Sources */ = {isa = PBXBuildFile; fileRef = 423E043E1C998A1600972691 /* YDGLOperationTwoInputNode.m */; };
		424D94B01C9BF183006DA52D /* YDGLOperationNodeDisplayView.m in Sources */ = {isa = PBXBuildFile; fileRef = 424D94AE1C9BF183006DA52D /* YDGLOperationNodeDisplayView.m */; };
		424D94B11C9BF183006DA52D /* YDGLOperationNodeDisplayView.h in Headers */ = {isa = PBXBuildFile; fileRef = 424D94AF1C9BF183006DA52D /* YDGLOperationNodeDisplayView.h */; settings = {ATTRIBUTES = (Public, ); }; };
		424EFFA21CB7912500396D2B /* YDGLOperationUIImageSourceNode.h in Headers */ = {isa = PBXBuildFile; fileRef = 424EFFA01CB7912500396D2B /* YDGLOperationUIImageSourceNode.h */; settings = {ATTRIBUTES = (Public, ); }; };
		424EFFA31CB7912500396D2B /* YDGLOperationUIImageSourceNode.m in Sources */ = {isa = PBXBuildFile; fileRef = 424EFFA11CB7912500396D2B /* YDGLOperationUIImageSourceNode.m */; };
		424EFFA61CB7933200396D2B /* YDGLOperationCVPixelBufferSourceNode.h in Headers */ = {isa = PBXBuildFile; fileRef = 424EFFA41CB7933200396D2B /* YDGLOperationCVPixelBufferSourceNode.h */; settings = {ATTRIBUTES = (Public, ); }; };
		424EFFA71CB7933200396D2B /* YDGLOperationCVPixelBufferSourceNode.m in Sources */ = {isa = PBXBuildFile; fileRef = 424EFFA51CB7933200396D2B /* YDGLOperationCVPixelBufferSourceNode.m */; };
		426AD5551CAD3E070023AC7E /* ShaderLoader.c in Sources */ = {isa = PBXBuildFile; fileRef = 426AD54D1CAD3E070023AC7E /* ShaderLoader.c */; };
		426AD5561CAD3E070023AC7E /* ShaderLoader.h in Headers */ = {isa = PBXBuildFile; fileRef = 426AD54E1CAD3E070023AC7E /* ShaderLoader.h */; };
		426AD5571CAD3E070023AC7E /* YDGLOperationColorConversion.h in Headers */ = {isa = PBXBuildFile; fileRef = 426AD54F1CAD3E070023AC7E /* YDGLOperationColorConversion.h */; };
		426AD5581CAD3E070023AC7E /* YDGLOperationColorConversion.m in Sources */ = {isa = PBXBuildFile; fileRef = 426AD5501CAD3E070023AC7E /* YDGLOperationColorConversion.m */; };
		426AD55D1CAD52B70023AC7E /* GLKit.framework in Frameworks */ = {isa = PBXBuildFile; fileRef = 426AD55C1CAD52B70023AC7E /* GLKit.framework */; };
		426AD5651CAE68AE0023AC7E /* YDGLOperationI420SourceNode.h in Headers */ = {isa = PBXBuildFile; fileRef = 426AD5631CAE68AE0023AC7E /* YDGLOperationI420SourceNode.h */; settings = {ATTRIBUTES = (Public, ); }; };
		426AD5661CAE68AE0023AC7E /* YDGLOperationI420SourceNode.m in Sources */ = {isa = PBXBuildFile; fileRef = 426AD5641CAE68AE0023AC7E /* YDGLOperationI420SourceNode.m */; };
		429A97251CBD21AE00259908 /* YDGLOperationBlendNode.h in Headers */ = {isa = PBXBuildFile; fileRef = 429A97231CBD21AE00259908 /* YDGLOperationBlendNode.h */; settings = {ATTRIBUTES = (Public, ); }; };
		429A97261CBD21AE00259908 /* YDGLOperationBlendNode.m in Sources */ = {isa = PBXBuildFile; fileRef = 429A97241CBD21AE00259908 /* YDGLOperationBlendNode.m */; };
		429A97371CBF693C00259908 /* YDGLOperationContext.h in Headers */ = {isa = PBXBuildFile; fileRef = 429A97351CBF693C00259908 /* YDGLOperationContext.h */; settings = {ATTRIBUTES = (Public, ); }; };
		429A97381CBF693C00259908 /* YDGLOperationContext.m in Sources */ = {isa = PBXBuildFile; fileRef = 429A97361CBF693C00259908 /* YDGLOperationContext.m */; };
		42BBE21F1C9962A60035BC01 /* YDGLOperationKit.h in CopyFiles */ = {isa = PBXBuildFile; fileRef = 42BBE21E1C9962A60035BC01 /* YDGLOperationKit.h */; };
		42BBE2331C99630E0035BC01 /* YDGLOperationSourceNode.m in Sources */ = {isa = PBXBuildFile; fileRef = 42BBE2291C99630E0035BC01 /* YDGLOperationSourceNode.m */; };
		42BBE2341C99630E0035BC01 /* YDDrawModel.m in Sources */ = {isa = PBXBuildFile; fileRef = 42BBE22C1C99630E0035BC01 /* YDDrawModel.m */; };
		42BBE2351C99630E0035BC01 /* YDGLOperationNode.m in Sources */ = {isa = PBXBuildFile; fileRef = 42BBE22E1C99630E0035BC01 /* YDGLOperationNode.m */; };
		42BBE2401C99657F0035BC01 /* YDGLOperationKit.h in Headers */ = {isa = PBXBuildFile; fileRef = 42BBE21E1C9962A60035BC01 /* YDGLOperationKit.h */; settings = {ATTRIBUTES = (Public, ); }; };
		42BBE2411C9965820035BC01 /* YDGLOperationNode.h in Headers */ = {isa = PBXBuildFile; fileRef = 42BBE22D1C99630E0035BC01 /* YDGLOperationNode.h */; settings = {ATTRIBUTES = (Public, ); }; };
		42BBE2421C9965840035BC01 /* YDGLOperationSourceNode.h in Headers */ = {isa = PBXBuildFile; fileRef = 42BBE22A1C99630E0035BC01 /* YDGLOperationSourceNode.h */; settings = {ATTRIBUTES = (Public, ); }; };
		42BBE2431C9965860035BC01 /* YDDrawModel.h in Headers */ = {isa = PBXBuildFile; fileRef = 42BBE22B1C99630E0035BC01 /* YDDrawModel.h */; settings = {ATTRIBUTES = (Public, ); }; };
		42BBE2E91C996F220035BC01 /* Foundation.framework in Frameworks */ = {isa = PBXBuildFile; fileRef = 42BBE2E81C996F220035BC01 /* Foundation.framework */; };
		42BBE2EB1C996F280035BC01 /* UIKit.framework in Frameworks */ = {isa = PBXBuildFile; fileRef = 42BBE2EA1C996F280035BC01 /* UIKit.framework */; };
		42DF41FD1CB39B090099A6B2 /* YDGLOperationNV12SourceNode.h in Headers */ = {isa = PBXBuildFile; fileRef = 42DF41FB1CB39B090099A6B2 /* YDGLOperationNV12SourceNode.h */; settings = {ATTRIBUTES = (Public, ); }; };
		42DF41FE1CB39B090099A6B2 /* YDGLOperationNV12SourceNode.m in Sources */ = {isa = PBXBuildFile; fileRef = 42DF41FC1CB39B090099A6B2 /* YDGLOperationNV12SourceNode.m */; };
/* End PBXBuildFile section */

/* Begin PBXContainerItemProxy section */
		423E041A1C99846F00972691 /* PBXContainerItemProxy */ = {
			isa = PBXContainerItemProxy;
			containerPortal = 42BBE2131C9962A60035BC01 /* Project object */;
			proxyType = 1;
			remoteGlobalIDString = 42BBE21A1C9962A60035BC01;
			remoteInfo = YDGLOperationKit;
		};
/* End PBXContainerItemProxy section */

/* Begin PBXCopyFilesBuildPhase section */
		42BBE2191C9962A60035BC01 /* CopyFiles */ = {
			isa = PBXCopyFilesBuildPhase;
			buildActionMask = 2147483647;
			dstPath = "include/$(PRODUCT_NAME)";
			dstSubfolderSpec = 16;
			files = (
				42BBE21F1C9962A60035BC01 /* YDGLOperationKit.h in CopyFiles */,
			);
			runOnlyForDeploymentPostprocessing = 0;
		};
/* End PBXCopyFilesBuildPhase section */

/* Begin PBXFileReference section */
		423E043B1C998A1600972691 /* YDGLOperationThreeInputNode.h */ = {isa = PBXFileReference; fileEncoding = 4; lastKnownFileType = sourcecode.c.h; path = YDGLOperationThreeInputNode.h; sourceTree = "<group>"; };
		423E043C1C998A1600972691 /* YDGLOperationThreeInputNode.m */ = {isa = PBXFileReference; fileEncoding = 4; lastKnownFileType = sourcecode.c.objc; path = YDGLOperationThreeInputNode.m; sourceTree = "<group>"; };
		423E043D1C998A1600972691 /* YDGLOperationTwoInputNode.h */ = {isa = PBXFileReference; fileEncoding = 4; lastKnownFileType = sourcecode.c.h; path = YDGLOperationTwoInputNode.h; sourceTree = "<group>"; };
		423E043E1C998A1600972691 /* YDGLOperationTwoInputNode.m */ = {isa = PBXFileReference; fileEncoding = 4; lastKnownFileType = sourcecode.c.objc; path = YDGLOperationTwoInputNode.m; sourceTree = "<group>"; };
		424D94AE1C9BF183006DA52D /* YDGLOperationNodeDisplayView.m */ = {isa = PBXFileReference; fileEncoding = 4; lastKnownFileType = sourcecode.c.objc; path = YDGLOperationNodeDisplayView.m; sourceTree = "<group>"; };
		424D94AF1C9BF183006DA52D /* YDGLOperationNodeDisplayView.h */ = {isa = PBXFileReference; fileEncoding = 4; lastKnownFileType = sourcecode.c.h; path = YDGLOperationNodeDisplayView.h; sourceTree = "<group>"; };
		424EFFA01CB7912500396D2B /* YDGLOperationUIImageSourceNode.h */ = {isa = PBXFileReference; fileEncoding = 4; lastKnownFileType = sourcecode.c.h; path = YDGLOperationUIImageSourceNode.h; sourceTree = "<group>"; };
		424EFFA11CB7912500396D2B /* YDGLOperationUIImageSourceNode.m */ = {isa = PBXFileReference; fileEncoding = 4; lastKnownFileType = sourcecode.c.objc; path = YDGLOperationUIImageSourceNode.m; sourceTree = "<group>"; };
		424EFFA41CB7933200396D2B /* YDGLOperationCVPixelBufferSourceNode.h */ = {isa = PBXFileReference; fileEncoding = 4; lastKnownFileType = sourcecode.c.h; path = YDGLOperationCVPixelBufferSourceNode.h; sourceTree = "<group>"; };
		424EFFA51CB7933200396D2B /* YDGLOperationCVPixelBufferSourceNode.m */ = {isa = PBXFileReference; fileEncoding = 4; lastKnownFileType = sourcecode.c.objc; path = YDGLOperationCVPixelBufferSourceNode.m; sourceTree = "<group>"; };
		426AD54D1CAD3E070023AC7E /* ShaderLoader.c */ = {isa = PBXFileReference; fileEncoding = 4; lastKnownFileType = sourcecode.c.c; path = ShaderLoader.c; sourceTree = "<group>"; };
		426AD54E1CAD3E070023AC7E /* ShaderLoader.h */ = {isa = PBXFileReference; fileEncoding = 4; lastKnownFileType = sourcecode.c.h; path = ShaderLoader.h; sourceTree = "<group>"; };
		426AD54F1CAD3E070023AC7E /* YDGLOperationColorConversion.h */ = {isa = PBXFileReference; fileEncoding = 4; lastKnownFileType = sourcecode.c.h; path = YDGLOperationColorConversion.h; sourceTree = "<group>"; };
		426AD5501CAD3E070023AC7E /* YDGLOperationColorConversion.m */ = {isa = PBXFileReference; fileEncoding = 4; lastKnownFileType = sourcecode.c.objc; path = YDGLOperationColorConversion.m; sourceTree = "<group>"; };
		426AD55C1CAD52B70023AC7E /* GLKit.framework */ = {isa = PBXFileReference; lastKnownFileType = wrapper.framework; name = GLKit.framework; path = System/Library/Frameworks/GLKit.framework; sourceTree = SDKROOT; };
		426AD5631CAE68AE0023AC7E /* YDGLOperationI420SourceNode.h */ = {isa = PBXFileReference; fileEncoding = 4; lastKnownFileType = sourcecode.c.h; path = YDGLOperationI420SourceNode.h; sourceTree = "<group>"; };
		426AD5641CAE68AE0023AC7E /* YDGLOperationI420SourceNode.m */ = {isa = PBXFileReference; fileEncoding = 4; lastKnownFileType = sourcecode.c.objc; path = YDGLOperationI420SourceNode.m; sourceTree = "<group>"; };
		429A97231CBD21AE00259908 /* YDGLOperationBlendNode.h */ = {isa = PBXFileReference; fileEncoding = 4; lastKnownFileType = sourcecode.c.h; path = YDGLOperationBlendNode.h; sourceTree = "<group>"; };
		429A97241CBD21AE00259908 /* YDGLOperationBlendNode.m */ = {isa = PBXFileReference; fileEncoding = 4; lastKnownFileType = sourcecode.c.objc; path = YDGLOperationBlendNode.m; sourceTree = "<group>"; };
		429A97351CBF693C00259908 /* YDGLOperationContext.h */ = {isa = PBXFileReference; fileEncoding = 4; lastKnownFileType = sourcecode.c.h; path = YDGLOperationContext.h; sourceTree = "<group>"; };
		429A97361CBF693C00259908 /* YDGLOperationContext.m */ = {isa = PBXFileReference; fileEncoding = 4; lastKnownFileType = sourcecode.c.objc; path = YDGLOperationContext.m; sourceTree = "<group>"; };
		42BBE21B1C9962A60035BC01 /* libYDGLOperationKit.a */ = {isa = PBXFileReference; explicitFileType = archive.ar; includeInIndex = 0; path = libYDGLOperationKit.a; sourceTree = BUILT_PRODUCTS_DIR; };
		42BBE21E1C9962A60035BC01 /* YDGLOperationKit.h */ = {isa = PBXFileReference; lastKnownFileType = sourcecode.c.h; path = YDGLOperationKit.h; sourceTree = "<group>"; };
		42BBE2291C99630E0035BC01 /* YDGLOperationSourceNode.m */ = {isa = PBXFileReference; fileEncoding = 4; lastKnownFileType = sourcecode.c.objc; path = YDGLOperationSourceNode.m; sourceTree = "<group>"; };
		42BBE22A1C99630E0035BC01 /* YDGLOperationSourceNode.h */ = {isa = PBXFileReference; fileEncoding = 4; lastKnownFileType = sourcecode.c.h; path = YDGLOperationSourceNode.h; sourceTree = "<group>"; };
		42BBE22B1C99630E0035BC01 /* YDDrawModel.h */ = {isa = PBXFileReference; fileEncoding = 4; lastKnownFileType = sourcecode.c.h; path = YDDrawModel.h; sourceTree = "<group>"; };
		42BBE22C1C99630E0035BC01 /* YDDrawModel.m */ = {isa = PBXFileReference; fileEncoding = 4; lastKnownFileType = sourcecode.c.objc; path = YDDrawModel.m; sourceTree = "<group>"; };
		42BBE22D1C99630E0035BC01 /* YDGLOperationNode.h */ = {isa = PBXFileReference; fileEncoding = 4; lastKnownFileType = sourcecode.c.h; path = YDGLOperationNode.h; sourceTree = "<group>"; };
		42BBE22E1C99630E0035BC01 /* YDGLOperationNode.m */ = {isa = PBXFileReference; fileEncoding = 4; lastKnownFileType = sourcecode.c.objc; path = YDGLOperationNode.m; sourceTree = "<group>"; };
		42BBE2E81C996F220035BC01 /* Foundation.framework */ = {isa = PBXFileReference; lastKnownFileType = wrapper.framework; name = Foundation.framework; path = System/Library/Frameworks/Foundation.framework; sourceTree = SDKROOT; };
		42BBE2EA1C996F280035BC01 /* UIKit.framework */ = {isa = PBXFileReference; lastKnownFileType = wrapper.framework; name = UIKit.framework; path = System/Library/Frameworks/UIKit.framework; sourceTree = SDKROOT; };
		42DF41FB1CB39B090099A6B2 /* YDGLOperationNV12SourceNode.h */ = {isa = PBXFileReference; fileEncoding = 4; lastKnownFileType = sourcecode.c.h; path = YDGLOperationNV12SourceNode.h; sourceTree = "<group>"; };
		42DF41FC1CB39B090099A6B2 /* YDGLOperationNV12SourceNode.m */ = {isa = PBXFileReference; fileEncoding = 4; lastKnownFileType = sourcecode.c.objc; path = YDGLOperationNV12SourceNode.m; sourceTree = "<group>"; };
/* End PBXFileReference section */

/* Begin PBXFrameworksBuildPhase section */
		42BBE2181C9962A60035BC01 /* Frameworks */ = {
			isa = PBXFrameworksBuildPhase;
			buildActionMask = 2147483647;
			files = (
				426AD55D1CAD52B70023AC7E /* GLKit.framework in Frameworks */,
				42BBE2EB1C996F280035BC01 /* UIKit.framework in Frameworks */,
				42BBE2E91C996F220035BC01 /* Foundation.framework in Frameworks */,
			);
			runOnlyForDeploymentPostprocessing = 0;
		};
/* End PBXFrameworksBuildPhase section */

/* Begin PBXGroup section */
		423E043A1C998A1600972691 /* extends */ = {
			isa = PBXGroup;
			children = (
				423E043B1C998A1600972691 /* YDGLOperationThreeInputNode.h */,
				423E043C1C998A1600972691 /* YDGLOperationThreeInputNode.m */,
				423E043D1C998A1600972691 /* YDGLOperationTwoInputNode.h */,
				423E043E1C998A1600972691 /* YDGLOperationTwoInputNode.m */,
				429A97231CBD21AE00259908 /* YDGLOperationBlendNode.h */,
				429A97241CBD21AE00259908 /* YDGLOperationBlendNode.m */,
			);
			path = extends;
			sourceTree = "<group>";
		};
		426AD54A1CAD3E070023AC7E /* common */ = {
			isa = PBXGroup;
			children = (
				426AD54D1CAD3E070023AC7E /* ShaderLoader.c */,
				426AD54E1CAD3E070023AC7E /* ShaderLoader.h */,
				426AD54F1CAD3E070023AC7E /* YDGLOperationColorConversion.h */,
				426AD5501CAD3E070023AC7E /* YDGLOperationColorConversion.m */,
			);
			path = common;
			sourceTree = "<group>";
		};
		426AD5621CAE68560023AC7E /* inputNode */ = {
			isa = PBXGroup;
			children = (
				42DF41FB1CB39B090099A6B2 /* YDGLOperationNV12SourceNode.h */,
				42DF41FC1CB39B090099A6B2 /* YDGLOperationNV12SourceNode.m */,
				426AD5631CAE68AE0023AC7E /* YDGLOperationI420SourceNode.h */,
				426AD5641CAE68AE0023AC7E /* YDGLOperationI420SourceNode.m */,
				424EFFA01CB7912500396D2B /* YDGLOperationUIImageSourceNode.h */,
				424EFFA11CB7912500396D2B /* YDGLOperationUIImageSourceNode.m */,
				424EFFA41CB7933200396D2B /* YDGLOperationCVPixelBufferSourceNode.h */,
				424EFFA51CB7933200396D2B /* YDGLOperationCVPixelBufferSourceNode.m */,
			);
			path = inputNode;
			sourceTree = "<group>";
		};
		42BBE2121C9962A60035BC01 = {
			isa = PBXGroup;
			children = (
				426AD55C1CAD52B70023AC7E /* GLKit.framework */,
				42BBE2EA1C996F280035BC01 /* UIKit.framework */,
				42BBE2E81C996F220035BC01 /* Foundation.framework */,
				42BBE21D1C9962A60035BC01 /* YDGLOperationKit */,
				42BBE21C1C9962A60035BC01 /* Products */,
			);
			sourceTree = "<group>";
		};
		42BBE21C1C9962A60035BC01 /* Products */ = {
			isa = PBXGroup;
			children = (
				42BBE21B1C9962A60035BC01 /* libYDGLOperationKit.a */,
			);
			name = Products;
			sourceTree = "<group>";
		};
		42BBE21D1C9962A60035BC01 /* YDGLOperationKit */ = {
			isa = PBXGroup;
			children = (
				42BBE2271C9962EE0035BC01 /* source */,
				42BBE21E1C9962A60035BC01 /* YDGLOperationKit.h */,
			);
			path = YDGLOperationKit;
			sourceTree = "<group>";
		};
		42BBE2271C9962EE0035BC01 /* source */ = {
			isa = PBXGroup;
			children = (
				426AD54A1CAD3E070023AC7E /* common */,
				423E043A1C998A1600972691 /* extends */,
				42BBE2281C9962F90035BC01 /* core */,
			);
			path = source;
			sourceTree = "<group>";
		};
		42BBE2281C9962F90035BC01 /* core */ = {
			isa = PBXGroup;
			children = (
				426AD5621CAE68560023AC7E /* inputNode */,
				424D94AE1C9BF183006DA52D /* YDGLOperationNodeDisplayView.m */,
				424D94AF1C9BF183006DA52D /* YDGLOperationNodeDisplayView.h */,
				42BBE2291C99630E0035BC01 /* YDGLOperationSourceNode.m */,
				42BBE22A1C99630E0035BC01 /* YDGLOperationSourceNode.h */,
				42BBE22B1C99630E0035BC01 /* YDDrawModel.h */,
				42BBE22C1C99630E0035BC01 /* YDDrawModel.m */,
				42BBE22D1C99630E0035BC01 /* YDGLOperationNode.h */,
				42BBE22E1C99630E0035BC01 /* YDGLOperationNode.m */,
				429A97351CBF693C00259908 /* YDGLOperationContext.h */,
				429A97361CBF693C00259908 /* YDGLOperationContext.m */,
			);
			path = core;
			sourceTree = "<group>";
		};
/* End PBXGroup section */

/* Begin PBXHeadersBuildPhase section */
		42BBE23F1C9965780035BC01 /* Headers */ = {
			isa = PBXHeadersBuildPhase;
			buildActionMask = 2147483647;
			files = (
				42BBE2401C99657F0035BC01 /* YDGLOperationKit.h in Headers */,
				42DF41FD1CB39B090099A6B2 /* YDGLOperationNV12SourceNode.h in Headers */,
				424D94B11C9BF183006DA52D /* YDGLOperationNodeDisplayView.h in Headers */,
				42BBE2411C9965820035BC01 /* YDGLOperationNode.h in Headers */,
				42BBE2421C9965840035BC01 /* YDGLOperationSourceNode.h in Headers */,
				426AD5561CAD3E070023AC7E /* ShaderLoader.h in Headers */,
				426AD5651CAE68AE0023AC7E /* YDGLOperationI420SourceNode.h in Headers */,
				424EFFA61CB7933200396D2B /* YDGLOperationCVPixelBufferSourceNode.h in Headers */,
				424EFFA21CB7912500396D2B /* YDGLOperationUIImageSourceNode.h in Headers */,
				429A97251CBD21AE00259908 /* YDGLOperationBlendNode.h in Headers */,
				426AD5571CAD3E070023AC7E /* YDGLOperationColorConversion.h in Headers */,
				429A97371CBF693C00259908 /* YDGLOperationContext.h in Headers */,
				423E043F1C998A1600972691 /* YDGLOperationThreeInputNode.h in Headers */,
				423E04411C998A1600972691 /* YDGLOperationTwoInputNode.h in Headers */,
				42BBE2431C9965860035BC01 /* YDDrawModel.h in Headers */,
			);
			runOnlyForDeploymentPostprocessing = 0;
		};
/* End PBXHeadersBuildPhase section */

/* Begin PBXNativeTarget section */
		42BBE21A1C9962A60035BC01 /* YDGLOperationKit */ = {
			isa = PBXNativeTarget;
			buildConfigurationList = 42BBE2241C9962A60035BC01 /* Build configuration list for PBXNativeTarget "YDGLOperationKit" */;
			buildPhases = (
				42BBE2171C9962A60035BC01 /* Sources */,
				42BBE2181C9962A60035BC01 /* Frameworks */,
				42BBE2191C9962A60035BC01 /* CopyFiles */,
				42BBE23F1C9965780035BC01 /* Headers */,
				42BBE2FA1C9970DA0035BC01 /* run script */,
			);
			buildRules = (
			);
			dependencies = (
			);
			name = YDGLOperationKit;
			productName = YDGLOperationKit;
			productReference = 42BBE21B1C9962A60035BC01 /* libYDGLOperationKit.a */;
			productType = "com.apple.product-type.library.static";
		};
/* End PBXNativeTarget section */

/* Begin PBXProject section */
		42BBE2131C9962A60035BC01 /* Project object */ = {
			isa = PBXProject;
			attributes = {
				CLASSPREFIX = YD;
				LastUpgradeCheck = 0720;
				ORGANIZATIONNAME = yifan;
				TargetAttributes = {
					423E04161C99846100972691 = {
						CreatedOnToolsVersion = 7.2;
					};
					42BBE21A1C9962A60035BC01 = {
						CreatedOnToolsVersion = 7.2;
					};
				};
			};
			buildConfigurationList = 42BBE2161C9962A60035BC01 /* Build configuration list for PBXProject "YDGLOperationKit" */;
			compatibilityVersion = "Xcode 3.2";
			developmentRegion = English;
			hasScannedForEncodings = 0;
			knownRegions = (
				en,
			);
			mainGroup = 42BBE2121C9962A60035BC01;
			productRefGroup = 42BBE21C1C9962A60035BC01 /* Products */;
			projectDirPath = "";
			projectRoot = "";
			targets = (
				42BBE21A1C9962A60035BC01 /* YDGLOperationKit */,
				423E04161C99846100972691 /* framework */,
			);
		};
/* End PBXProject section */

/* Begin PBXShellScriptBuildPhase section */
		423E041C1C99847200972691 /* ShellScript */ = {
			isa = PBXShellScriptBuildPhase;
			buildActionMask = 2147483647;
			files = (
			);
			inputPaths = (
			);
			outputPaths = (
			);
			runOnlyForDeploymentPostprocessing = 0;
			shellPath = /bin/sh;
			shellScript = "set -e\n\n# If we're already inside this script then die\nif [ -n \"$RW_MULTIPLATFORM_BUILD_IN_PROGRESS\" ]; then\nexit 0\nfi\nexport RW_MULTIPLATFORM_BUILD_IN_PROGRESS=1\n\nRW_FRAMEWORK_NAME=${PROJECT_NAME}\nRW_INPUT_STATIC_LIB=\"lib${PROJECT_NAME}.a\"\nRW_FRAMEWORK_LOCATION=\"${BUILT_PRODUCTS_DIR}/${RW_FRAMEWORK_NAME}.framework\"\n\nfunction build_static_library {\n    # Will rebuild the static library as specified\n    #     build_static_library sdk\n    xcrun xcodebuild -project \"${PROJECT_FILE_PATH}\" \\\n    -target \"${TARGET_NAME}\" \\\n    -configuration \"${CONFIGURATION}\" \\\n    -sdk \"${1}\" \\\n    ONLY_ACTIVE_ARCH=NO \\\n    BUILD_DIR=\"${BUILD_DIR}\" \\\n    OBJROOT=\"${OBJROOT}\" \\\n    BUILD_ROOT=\"${BUILD_ROOT}\" \\\n    SYMROOT=\"${SYMROOT}\" $ACTION\n}\n\nfunction make_fat_library {\n    # Will smash 2 static libs together\n    #     make_fat_library in1 in2 out\n    xcrun lipo -create \"${1}\" \"${2}\" -output \"${3}\"\n}\n\n# 1 - Extract the platform (iphoneos/iphonesimulator) from the SDK name\nif [[ \"$SDK_NAME\" =~ ([A-Za-z]+) ]]; then\nRW_SDK_PLATFORM=${BASH_REMATCH[1]}\nelse\necho \"Could not find platform name from SDK_NAME: $SDK_NAME\"\nexit 1\nfi\n\n# 2 - Extract the version from the SDK\nif [[ \"$SDK_NAME\" =~ ([0-9]+.*$) ]]; then\nRW_SDK_VERSION=${BASH_REMATCH[1]}\nelse\necho \"Could not find sdk version from SDK_NAME: $SDK_NAME\"\nexit 1\nfi\n\n# 3 - Determine the other platform\nif [ \"$RW_SDK_PLATFORM\" == \"iphoneos\" ]; then\nRW_OTHER_PLATFORM=iphonesimulator\nelse\nRW_OTHER_PLATFORM=iphoneos\nfi\n\n# 4 - Find the build directory\nif [[ \"$BUILT_PRODUCTS_DIR\" =~ (.*)$RW_SDK_PLATFORM$ ]]; then\nRW_OTHER_BUILT_PRODUCTS_DIR=\"${BASH_REMATCH[1]}${RW_OTHER_PLATFORM}\"\nelse\necho \"Could not find other platform build directory.\"\nexit 1\nfi\n\n# Build the other platform.\nbuild_static_library \"${RW_OTHER_PLATFORM}${RW_SDK_VERSION}\"\n\n# If we're currently building for iphonesimulator, then need to rebuild\n#   to ensure that we get both i386 and x86_64\nif [ \"$RW_SDK_PLATFORM\" == \"iphonesimulator\" ]; then\nbuild_static_library \"${SDK_NAME}\"\nfi\n\n# Join the 2 static libs into 1 and push into the .framework\nmake_fat_library \"${BUILT_PRODUCTS_DIR}/${RW_INPUT_STATIC_LIB}\" \\\n\"${RW_OTHER_BUILT_PRODUCTS_DIR}/${RW_INPUT_STATIC_LIB}\" \\\n\"${RW_FRAMEWORK_LOCATION}/Versions/A/${RW_FRAMEWORK_NAME}\"\n\n# Ensure that the framework is present in both platform's build directories\ncp -a \"${RW_FRAMEWORK_LOCATION}/Versions/A/${RW_FRAMEWORK_NAME}\" \\\n\"${RW_OTHER_BUILT_PRODUCTS_DIR}/${RW_FRAMEWORK_NAME}.framework/Versions/A/${RW_FRAMEWORK_NAME}\"\n\n# Copy the framework to the user's desktop\nditto \"${RW_FRAMEWORK_LOCATION}\" \"${HOME}/Desktop/${RW_FRAMEWORK_NAME}.framework\"\n\n";
		};
		42BBE2FA1C9970DA0035BC01 /* run script */ = {
			isa = PBXShellScriptBuildPhase;
			buildActionMask = 2147483647;
			files = (
			);
			inputPaths = (
			);
			name = "run script";
			outputPaths = (
			);
			runOnlyForDeploymentPostprocessing = 0;
			shellPath = /bin/sh;
			shellScript = "set -e\n\nexport FRAMEWORK_LOCN=\"${BUILT_PRODUCTS_DIR}/${PRODUCT_NAME}.framework\"\n\n# Create the path to the real Headers dir\nmkdir -p \"${FRAMEWORK_LOCN}/Versions/A/Headers\"\n\n# Create the required symlinks\n/bin/ln -sfh A \"${FRAMEWORK_LOCN}/Versions/Current\"\n/bin/ln -sfh Versions/Current/Headers \"${FRAMEWORK_LOCN}/Headers\"\n/bin/ln -sfh \"Versions/Current/${PRODUCT_NAME}\" \\\n\"${FRAMEWORK_LOCN}/${PRODUCT_NAME}\"\n\n# Copy the public headers into the framework\n/bin/cp -a \"${TARGET_BUILD_DIR}/${PUBLIC_HEADERS_FOLDER_PATH}/\" \\\n\"${FRAMEWORK_LOCN}/Versions/A/Headers\"";
		};
/* End PBXShellScriptBuildPhase section */

/* Begin PBXSourcesBuildPhase section */
		42BBE2171C9962A60035BC01 /* Sources */ = {
			isa = PBXSourcesBuildPhase;
			buildActionMask = 2147483647;
			files = (
				426AD5661CAE68AE0023AC7E /* YDGLOperationI420SourceNode.m in Sources */,
				426AD5581CAD3E070023AC7E /* YDGLOperationColorConversion.m in Sources */,
				42BBE2331C99630E0035BC01 /* YDGLOperationSourceNode.m in Sources */,
				42DF41FE1CB39B090099A6B2 /* YDGLOperationNV12SourceNode.m in Sources */,
				423E04401C998A1600972691 /* YDGLOperationThreeInputNode.m in Sources */,
				429A97381CBF693C00259908 /* YDGLOperationContext.m in Sources */,
				424EFFA31CB7912500396D2B /* YDGLOperationUIImageSourceNode.m in Sources */,
				424D94B01C9BF183006DA52D /* YDGLOperationNodeDisplayView.m in Sources */,
				42BBE2351C99630E0035BC01 /* YDGLOperationNode.m in Sources */,
				426AD5551CAD3E070023AC7E /* ShaderLoader.c in Sources */,
				423E04421C998A1600972691 /* YDGLOperationTwoInputNode.m in Sources */,
				424EFFA71CB7933200396D2B /* YDGLOperationCVPixelBufferSourceNode.m in Sources */,
				42BBE2341C99630E0035BC01 /* YDDrawModel.m in Sources */,
				429A97261CBD21AE00259908 /* YDGLOperationBlendNode.m in Sources */,
			);
			runOnlyForDeploymentPostprocessing = 0;
		};
/* End PBXSourcesBuildPhase section */

/* Begin PBXTargetDependency section */
		423E041B1C99846F00972691 /* PBXTargetDependency */ = {
			isa = PBXTargetDependency;
			target = 42BBE21A1C9962A60035BC01 /* YDGLOperationKit */;
			targetProxy = 423E041A1C99846F00972691 /* PBXContainerItemProxy */;
		};
/* End PBXTargetDependency section */

/* Begin XCBuildConfiguration section */
		423E04181C99846100972691 /* Debug */ = {
			isa = XCBuildConfiguration;
			buildSettings = {
				PRODUCT_NAME = "$(TARGET_NAME)";
			};
			name = Debug;
		};
		423E04191C99846100972691 /* Release */ = {
			isa = XCBuildConfiguration;
			buildSettings = {
				PRODUCT_NAME = "$(TARGET_NAME)";
			};
			name = Release;
		};
		42BBE2221C9962A60035BC01 /* Debug */ = {
			isa = XCBuildConfiguration;
			buildSettings = {
				ALWAYS_SEARCH_USER_PATHS = NO;
				CLANG_CXX_LANGUAGE_STANDARD = "gnu++0x";
				CLANG_CXX_LIBRARY = "libc++";
				CLANG_ENABLE_MODULES = YES;
				CLANG_ENABLE_OBJC_ARC = YES;
				CLANG_WARN_BOOL_CONVERSION = YES;
				CLANG_WARN_CONSTANT_CONVERSION = YES;
				CLANG_WARN_DIRECT_OBJC_ISA_USAGE = YES_ERROR;
				CLANG_WARN_EMPTY_BODY = YES;
				CLANG_WARN_ENUM_CONVERSION = YES;
				CLANG_WARN_INT_CONVERSION = YES;
				CLANG_WARN_OBJC_ROOT_CLASS = YES_ERROR;
				CLANG_WARN_UNREACHABLE_CODE = YES;
				CLANG_WARN__DUPLICATE_METHOD_MATCH = YES;
				"CODE_SIGN_IDENTITY[sdk=iphoneos*]" = "iPhone Developer";
				COPY_PHASE_STRIP = NO;
				DEBUG_INFORMATION_FORMAT = dwarf;
				ENABLE_STRICT_OBJC_MSGSEND = YES;
				ENABLE_TESTABILITY = YES;
				GCC_C_LANGUAGE_STANDARD = gnu99;
				GCC_DYNAMIC_NO_PIC = NO;
				GCC_NO_COMMON_BLOCKS = YES;
				GCC_OPTIMIZATION_LEVEL = 0;
				GCC_PREPROCESSOR_DEFINITIONS = (
					"DEBUG=1",
					"$(inherited)",
				);
				GCC_WARN_64_TO_32_BIT_CONVERSION = YES;
				GCC_WARN_ABOUT_RETURN_TYPE = YES_ERROR;
				GCC_WARN_UNDECLARED_SELECTOR = YES;
				GCC_WARN_UNINITIALIZED_AUTOS = YES_AGGRESSIVE;
				GCC_WARN_UNUSED_FUNCTION = YES;
				GCC_WARN_UNUSED_VARIABLE = YES;
				IPHONEOS_DEPLOYMENT_TARGET = 7.0;
				MTL_ENABLE_DEBUG_INFO = YES;
				ONLY_ACTIVE_ARCH = YES;
				SDKROOT = iphoneos;
			};
			name = Debug;
		};
		42BBE2231C9962A60035BC01 /* Release */ = {
			isa = XCBuildConfiguration;
			buildSettings = {
				ALWAYS_SEARCH_USER_PATHS = NO;
				CLANG_CXX_LANGUAGE_STANDARD = "gnu++0x";
				CLANG_CXX_LIBRARY = "libc++";
				CLANG_ENABLE_MODULES = YES;
				CLANG_ENABLE_OBJC_ARC = YES;
				CLANG_WARN_BOOL_CONVERSION = YES;
				CLANG_WARN_CONSTANT_CONVERSION = YES;
				CLANG_WARN_DIRECT_OBJC_ISA_USAGE = YES_ERROR;
				CLANG_WARN_EMPTY_BODY = YES;
				CLANG_WARN_ENUM_CONVERSION = YES;
				CLANG_WARN_INT_CONVERSION = YES;
				CLANG_WARN_OBJC_ROOT_CLASS = YES_ERROR;
				CLANG_WARN_UNREACHABLE_CODE = YES;
				CLANG_WARN__DUPLICATE_METHOD_MATCH = YES;
				"CODE_SIGN_IDENTITY[sdk=iphoneos*]" = "iPhone Developer";
				COPY_PHASE_STRIP = NO;
				DEBUG_INFORMATION_FORMAT = "dwarf-with-dsym";
				ENABLE_NS_ASSERTIONS = NO;
				ENABLE_STRICT_OBJC_MSGSEND = YES;
				GCC_C_LANGUAGE_STANDARD = gnu99;
				GCC_NO_COMMON_BLOCKS = YES;
				GCC_WARN_64_TO_32_BIT_CONVERSION = YES;
				GCC_WARN_ABOUT_RETURN_TYPE = YES_ERROR;
				GCC_WARN_UNDECLARED_SELECTOR = YES;
				GCC_WARN_UNINITIALIZED_AUTOS = YES_AGGRESSIVE;
				GCC_WARN_UNUSED_FUNCTION = YES;
				GCC_WARN_UNUSED_VARIABLE = YES;
				IPHONEOS_DEPLOYMENT_TARGET = 7.0;
				MTL_ENABLE_DEBUG_INFO = NO;
				SDKROOT = iphoneos;
				VALIDATE_PRODUCT = YES;
			};
			name = Release;
		};
		42BBE2251C9962A60035BC01 /* Debug */ = {
			isa = XCBuildConfiguration;
			buildSettings = {
				DEAD_CODE_STRIPPING = NO;
				IPHONEOS_DEPLOYMENT_TARGET = 7.0;
				OTHER_LDFLAGS = "-ObjC";
				PRODUCT_NAME = "$(TARGET_NAME)";
				PUBLIC_HEADERS_FOLDER_PATH = "include/$(PROJECT_NAME)";
				SKIP_INSTALL = YES;
				STRIP_STYLE = "non-global";
			};
			name = Debug;
		};
		42BBE2261C9962A60035BC01 /* Release */ = {
			isa = XCBuildConfiguration;
			buildSettings = {
				DEAD_CODE_STRIPPING = NO;
				IPHONEOS_DEPLOYMENT_TARGET = 7.0;
				OTHER_LDFLAGS = "-ObjC";
				PRODUCT_NAME = "$(TARGET_NAME)";
				PUBLIC_HEADERS_FOLDER_PATH = "include/$(PROJECT_NAME)";
				SKIP_INSTALL = YES;
				STRIP_STYLE = "non-global";
			};
			name = Release;
		};
/* End XCBuildConfiguration section */

/* Begin XCConfigurationList section */
		423E04171C99846100972691 /* Build configuration list for PBXAggregateTarget "framework" */ = {
			isa = XCConfigurationList;
			buildConfigurations = (
				423E04181C99846100972691 /* Debug */,
				423E04191C99846100972691 /* Release */,
			);
			defaultConfigurationIsVisible = 0;
			defaultConfigurationName = Release;
		};
		42BBE2161C9962A60035BC01 /* Build configuration list for PBXProject "YDGLOperationKit" */ = {
			isa = XCConfigurationList;
			buildConfigurations = (
				42BBE2221C9962A60035BC01 /* Debug */,
				42BBE2231C9962A60035BC01 /* Release */,
			);
			defaultConfigurationIsVisible = 0;
			defaultConfigurationName = Release;
		};
		42BBE2241C9962A60035BC01 /* Build configuration list for PBXNativeTarget "YDGLOperationKit" */ = {
			isa = XCConfigurationList;
			buildConfigurations = (
				42BBE2251C9962A60035BC01 /* Debug */,
				42BBE2261C9962A60035BC01 /* Release */,
			);
			defaultConfigurationIsVisible = 0;
			defaultConfigurationName = Release;
		};
/* End XCConfigurationList section */
	};
	rootObject = 42BBE2131C9962A60035BC01 /* Project object */;
}
